
Microsoft Visual Studio Solution File, Format Version 12.00
Project("{FAE04EC0-301F-11D3-BF4B-00C04F79EFBC}") = "ConsoleApp2", "ConsoleApp2\ConsoleApp2.csproj", "{A7858298-98BE-4F5C-978D-8C69053059DC}"
EndProject
Global
	GlobalSection(SolutionConfigurationPlatforms) = preSolution
		Debug|Any CPU = Debug|Any CPU
		Release|Any CPU = Release|Any CPU
	EndGlobalSection
	GlobalSection(ProjectConfigurationPlatforms) = postSolution
		{A7858298-98BE-4F5C-978D-8C69053059DC}.Debug|Any CPU.ActiveCfg = Debug|Any CPU
		{A7858298-98BE-4F5C-978D-8C69053059DC}.Debug|Any CPU.Build.0 = Debug|Any CPU
		{A7858298-98BE-4F5C-978D-8C69053059DC}.Release|Any CPU.ActiveCfg = Release|Any CPU
		{A7858298-98BE-4F5C-978D-8C69053059DC}.Release|Any CPU.Build.0 = Release|Any CPU
	EndGlobalSection
EndGlobal
